
Microsoft Visual Studio Solution File, Format Version 12.00
# Visual Studio 2013
Project("{FAE04EC0-301F-11D3-BF4B-00C04F79EFBC}") = "UnityVS.DrawGame.CSharp", "UnityVS.DrawGame.CSharp.csproj", "{D7C774BB-29C7-5CB6-6626-C02259321CAE}"
EndProject
Global
	GlobalSection(SolutionConfigurationPlatforms) = preSolution
		Debug|Any CPU = Debug|Any CPU
		Release|Any CPU = Release|Any CPU
	EndGlobalSection
	GlobalSection(ProjectConfigurationPlatforms) = postSolution
		{D7C774BB-29C7-5CB6-6626-C02259321CAE}.Debug|Any CPU.ActiveCfg = Debug|Any CPU
		{D7C774BB-29C7-5CB6-6626-C02259321CAE}.Debug|Any CPU.Build.0 = Debug|Any CPU
		{D7C774BB-29C7-5CB6-6626-C02259321CAE}.Release|Any CPU.ActiveCfg = Release|Any CPU
		{D7C774BB-29C7-5CB6-6626-C02259321CAE}.Release|Any CPU.Build.0 = Release|Any CPU
	EndGlobalSection
	GlobalSection(SolutionProperties) = preSolution
		HideSolutionNode = FALSE
	EndGlobalSection
EndGlobal
